PODS:
  - AFNetworking (4.0.1):
    - AFNetworking/NSURLSession (= 4.0.1)
    - AFNetworking/Reachability (= 4.0.1)
    - AFNetworking/Security (= 4.0.1)
    - AFNetworking/Serialization (= 4.0.1)
    - AFNetworking/UIKit (= 4.0.1)
  - AFNetworking/NSURLSession (4.0.1):
    - AFNetworking/Reachability
    - AFNetworking/Security
    - AFNetworking/Serialization
  - AFNetworking/Reachability (4.0.1)
  - AFNetworking/Security (4.0.1)
  - AFNetworking/Serialization (4.0.1)
  - AFNetworking/UIKit (4.0.1):
    - AFNetworking/NSURLSession
  - AlitaNativeLib (0.6.0):
    - AFNetworking (~> 4.0)
    - LBXScan/LBXNative (~> 2.5)
    - LBXScan/UI (~> 2.5)
    - SSZipArchive (~> 2.2)
    - TZImagePickerController (~> 3.4)
  - LBXScan/LBXNative (2.5.1):
    - LBXScan/Types (~> 2.2)
  - LBXScan/Types (2.5.1)
  - LBXScan/UI (2.5.1):
    - LBXScan/Types (~> 2.2)
  - SSZipArchive (2.2.3)
  - TZImagePickerController (3.5.8)

DEPENDENCIES:
  - AlitaNativeLib (from `https://github.com/WhaleCloudCamp/micro-app-ios-framework.git`, tag `0.6.0`)

SPEC REPOS:
  trunk:
    - AFNetworking
    - LBXScan
    - SSZipArchive
    - TZImagePickerController

EXTERNAL SOURCES:
  AlitaNativeLib:
    :git: https://github.com/WhaleCloudCamp/micro-app-ios-framework.git
    :tag: 0.6.0

CHECKOUT OPTIONS:
  AlitaNativeLib:
    :git: https://github.com/WhaleCloudCamp/micro-app-ios-framework.git
    :tag: 0.6.0

SPEC CHECKSUMS:
  AFNetworking: 7864c38297c79aaca1500c33288e429c3451fdce
  AlitaNativeLib: ef054bd120e365dbed976bd4f4dfbe9806cd7dac
  LBXScan: 90ca10d0c38fb4a5a6980d7782354f3f69f50093
  SSZipArchive: 62d4947b08730e4cda640473b0066d209ff033c9
  TZImagePickerController: 7fd9702897ef8c0b7c951e5463f4bcf398296f9e

PODFILE CHECKSUM: 550f3f3178d3835d33f1832a853c6e98d36b2724

COCOAPODS: 1.10.0
